
Microsoft Visual Studio Solution File, Format Version 12.00
# Visual Studio Version 17
VisualStudioVersion = 17.11.35222.181
MinimumVisualStudioVersion = 10.0.40219.1
Project("{FAE04EC0-301F-11D3-BF4B-00C04F79EFBC}") = "ch09-demo", "ch09-demo.csproj", "{504ECB45-7D1C-48D0-9B0D-D536FC6399D0}"
EndProject
Global
	GlobalSection(SolutionConfigurationPlatforms) = preSolution
		Debug|Any CPU = Debug|Any CPU
		Release|Any CPU = Release|Any CPU
	EndGlobalSection
	GlobalSection(ProjectConfigurationPlatforms) = postSolution
		{504ECB45-7D1C-48D0-9B0D-D536FC6399D0}.Debug|Any CPU.ActiveCfg = Debug|Any CPU
		{504ECB45-7D1C-48D0-9B0D-D536FC6399D0}.Debug|Any CPU.Build.0 = Debug|Any CPU
		{504ECB45-7D1C-48D0-9B0D-D536FC6399D0}.Release|Any CPU.ActiveCfg = Release|Any CPU
		{504ECB45-7D1C-48D0-9B0D-D536FC6399D0}.Release|Any CPU.Build.0 = Release|Any CPU
	EndGlobalSection
	GlobalSection(SolutionProperties) = preSolution
		HideSolutionNode = FALSE
	EndGlobalSection
	GlobalSection(ExtensibilityGlobals) = postSolution
		SolutionGuid = {2DA6D422-469A-4DC5-A5AF-5CB0941F0922}
	EndGlobalSection
EndGlobal
