
Microsoft Visual Studio Solution File, Format Version 12.00
# Visual Studio Version 17
VisualStudioVersion = 17.11.35222.181
MinimumVisualStudioVersion = 10.0.40219.1
Project("{FAE04EC0-301F-11D3-BF4B-00C04F79EFBC}") = "07-02", "07-02.csproj", "{1A744227-8FD0-4780-A3EA-09252AB4A9C4}"
EndProject
Global
	GlobalSection(SolutionConfigurationPlatforms) = preSolution
		Debug|Any CPU = Debug|Any CPU
		Release|Any CPU = Release|Any CPU
	EndGlobalSection
	GlobalSection(ProjectConfigurationPlatforms) = postSolution
		{1A744227-8FD0-4780-A3EA-09252AB4A9C4}.Debug|Any CPU.ActiveCfg = Debug|Any CPU
		{1A744227-8FD0-4780-A3EA-09252AB4A9C4}.Debug|Any CPU.Build.0 = Debug|Any CPU
		{1A744227-8FD0-4780-A3EA-09252AB4A9C4}.Release|Any CPU.ActiveCfg = Release|Any CPU
		{1A744227-8FD0-4780-A3EA-09252AB4A9C4}.Release|Any CPU.Build.0 = Release|Any CPU
	EndGlobalSection
	GlobalSection(SolutionProperties) = preSolution
		HideSolutionNode = FALSE
	EndGlobalSection
	GlobalSection(ExtensibilityGlobals) = postSolution
		SolutionGuid = {E4C90442-7974-458D-8413-FB9F0EF77F4A}
	EndGlobalSection
EndGlobal
