
Microsoft Visual Studio Solution File, Format Version 12.00
# Visual Studio Version 17
VisualStudioVersion = 17.11.35222.181
MinimumVisualStudioVersion = 10.0.40219.1
Project("{9A19103F-16F7-4668-BE54-9A1E7A4F7556}") = "10-2-project", "10-2-project.csproj", "{B5652804-E868-4AD2-89CD-ACB4E2036DAB}"
EndProject
Global
	GlobalSection(SolutionConfigurationPlatforms) = preSolution
		Debug|Any CPU = Debug|Any CPU
		Release|Any CPU = Release|Any CPU
	EndGlobalSection
	GlobalSection(ProjectConfigurationPlatforms) = postSolution
		{B5652804-E868-4AD2-89CD-ACB4E2036DAB}.Debug|Any CPU.ActiveCfg = Debug|Any CPU
		{B5652804-E868-4AD2-89CD-ACB4E2036DAB}.Debug|Any CPU.Build.0 = Debug|Any CPU
		{B5652804-E868-4AD2-89CD-ACB4E2036DAB}.Release|Any CPU.ActiveCfg = Release|Any CPU
		{B5652804-E868-4AD2-89CD-ACB4E2036DAB}.Release|Any CPU.Build.0 = Release|Any CPU
	EndGlobalSection
	GlobalSection(SolutionProperties) = preSolution
		HideSolutionNode = FALSE
	EndGlobalSection
	GlobalSection(ExtensibilityGlobals) = postSolution
		SolutionGuid = {A5869274-050C-45AB-BFCD-5B3529E4C1E0}
	EndGlobalSection
EndGlobal
