
Microsoft Visual Studio Solution File, Format Version 12.00
# Visual Studio Version 17
VisualStudioVersion = 17.11.35222.181
MinimumVisualStudioVersion = 10.0.40219.1
Project("{FAE04EC0-301F-11D3-BF4B-00C04F79EFBC}") = "HelloWorld2", "HelloWorld2.csproj", "{B86AAF0E-316A-46AC-AC06-01D5FFE86A81}"
EndProject
Global
	GlobalSection(SolutionConfigurationPlatforms) = preSolution
		Debug|Any CPU = Debug|Any CPU
		Release|Any CPU = Release|Any CPU
	EndGlobalSection
	GlobalSection(ProjectConfigurationPlatforms) = postSolution
		{B86AAF0E-316A-46AC-AC06-01D5FFE86A81}.Debug|Any CPU.ActiveCfg = Debug|Any CPU
		{B86AAF0E-316A-46AC-AC06-01D5FFE86A81}.Debug|Any CPU.Build.0 = Debug|Any CPU
		{B86AAF0E-316A-46AC-AC06-01D5FFE86A81}.Release|Any CPU.ActiveCfg = Release|Any CPU
		{B86AAF0E-316A-46AC-AC06-01D5FFE86A81}.Release|Any CPU.Build.0 = Release|Any CPU
	EndGlobalSection
	GlobalSection(SolutionProperties) = preSolution
		HideSolutionNode = FALSE
	EndGlobalSection
	GlobalSection(ExtensibilityGlobals) = postSolution
		SolutionGuid = {3980C217-17C0-4444-BFE7-5AF0E5DA4A85}
	EndGlobalSection
EndGlobal
