
Microsoft Visual Studio Solution File, Format Version 12.00
# Visual Studio Version 17
VisualStudioVersion = 17.11.35222.181
MinimumVisualStudioVersion = 10.0.40219.1
Project("{FAE04EC0-301F-11D3-BF4B-00C04F79EFBC}") = "05-03 project", "05-03 project.csproj", "{1327BA72-ABCF-45AD-BF2C-BBDE98B66A21}"
EndProject
Global
	GlobalSection(SolutionConfigurationPlatforms) = preSolution
		Debug|Any CPU = Debug|Any CPU
		Release|Any CPU = Release|Any CPU
	EndGlobalSection
	GlobalSection(ProjectConfigurationPlatforms) = postSolution
		{1327BA72-ABCF-45AD-BF2C-BBDE98B66A21}.Debug|Any CPU.ActiveCfg = Debug|Any CPU
		{1327BA72-ABCF-45AD-BF2C-BBDE98B66A21}.Debug|Any CPU.Build.0 = Debug|Any CPU
		{1327BA72-ABCF-45AD-BF2C-BBDE98B66A21}.Release|Any CPU.ActiveCfg = Release|Any CPU
		{1327BA72-ABCF-45AD-BF2C-BBDE98B66A21}.Release|Any CPU.Build.0 = Release|Any CPU
	EndGlobalSection
	GlobalSection(SolutionProperties) = preSolution
		HideSolutionNode = FALSE
	EndGlobalSection
	GlobalSection(ExtensibilityGlobals) = postSolution
		SolutionGuid = {6523BE85-031D-43CB-95DD-858BE3A7469E}
	EndGlobalSection
EndGlobal
