
Microsoft Visual Studio Solution File, Format Version 12.00
# Visual Studio Version 17
VisualStudioVersion = 17.11.35222.181
MinimumVisualStudioVersion = 10.0.40219.1
Project("{FAE04EC0-301F-11D3-BF4B-00C04F79EFBC}") = "4-2-ex", "4-2-ex.csproj", "{9331F1FA-2FC4-4524-AA5B-909D3A6102C0}"
EndProject
Global
	GlobalSection(SolutionConfigurationPlatforms) = preSolution
		Debug|Any CPU = Debug|Any CPU
		Release|Any CPU = Release|Any CPU
	EndGlobalSection
	GlobalSection(ProjectConfigurationPlatforms) = postSolution
		{9331F1FA-2FC4-4524-AA5B-909D3A6102C0}.Debug|Any CPU.ActiveCfg = Debug|Any CPU
		{9331F1FA-2FC4-4524-AA5B-909D3A6102C0}.Debug|Any CPU.Build.0 = Debug|Any CPU
		{9331F1FA-2FC4-4524-AA5B-909D3A6102C0}.Release|Any CPU.ActiveCfg = Release|Any CPU
		{9331F1FA-2FC4-4524-AA5B-909D3A6102C0}.Release|Any CPU.Build.0 = Release|Any CPU
	EndGlobalSection
	GlobalSection(SolutionProperties) = preSolution
		HideSolutionNode = FALSE
	EndGlobalSection
	GlobalSection(ExtensibilityGlobals) = postSolution
		SolutionGuid = {15D8A7A6-5EB5-4F60-99BB-D93C49567FF2}
	EndGlobalSection
EndGlobal
