
Microsoft Visual Studio Solution File, Format Version 12.00
# Visual Studio Version 17
VisualStudioVersion = 17.11.35222.181
MinimumVisualStudioVersion = 10.0.40219.1
Project("{FAE04EC0-301F-11D3-BF4B-00C04F79EFBC}") = "4-3-project", "4-3-project.csproj", "{F5EF3243-81AA-4961-A73A-C91885914804}"
EndProject
Global
	GlobalSection(SolutionConfigurationPlatforms) = preSolution
		Debug|Any CPU = Debug|Any CPU
		Release|Any CPU = Release|Any CPU
	EndGlobalSection
	GlobalSection(ProjectConfigurationPlatforms) = postSolution
		{F5EF3243-81AA-4961-A73A-C91885914804}.Debug|Any CPU.ActiveCfg = Debug|Any CPU
		{F5EF3243-81AA-4961-A73A-C91885914804}.Debug|Any CPU.Build.0 = Debug|Any CPU
		{F5EF3243-81AA-4961-A73A-C91885914804}.Release|Any CPU.ActiveCfg = Release|Any CPU
		{F5EF3243-81AA-4961-A73A-C91885914804}.Release|Any CPU.Build.0 = Release|Any CPU
	EndGlobalSection
	GlobalSection(SolutionProperties) = preSolution
		HideSolutionNode = FALSE
	EndGlobalSection
	GlobalSection(ExtensibilityGlobals) = postSolution
		SolutionGuid = {AC0E3B89-A115-4702-944B-B505AF519CE2}
	EndGlobalSection
EndGlobal
