
Microsoft Visual Studio Solution File, Format Version 12.00
# Visual Studio Version 17
VisualStudioVersion = 17.11.35222.181
MinimumVisualStudioVersion = 10.0.40219.1
Project("{FAE04EC0-301F-11D3-BF4B-00C04F79EFBC}") = "Ch04Review", "Ch04Review.csproj", "{EA6C37C5-9E54-47B6-A9FA-557E925250F1}"
EndProject
Global
	GlobalSection(SolutionConfigurationPlatforms) = preSolution
		Debug|Any CPU = Debug|Any CPU
		Release|Any CPU = Release|Any CPU
	EndGlobalSection
	GlobalSection(ProjectConfigurationPlatforms) = postSolution
		{EA6C37C5-9E54-47B6-A9FA-557E925250F1}.Debug|Any CPU.ActiveCfg = Debug|Any CPU
		{EA6C37C5-9E54-47B6-A9FA-557E925250F1}.Debug|Any CPU.Build.0 = Debug|Any CPU
		{EA6C37C5-9E54-47B6-A9FA-557E925250F1}.Release|Any CPU.ActiveCfg = Release|Any CPU
		{EA6C37C5-9E54-47B6-A9FA-557E925250F1}.Release|Any CPU.Build.0 = Release|Any CPU
	EndGlobalSection
	GlobalSection(SolutionProperties) = preSolution
		HideSolutionNode = FALSE
	EndGlobalSection
	GlobalSection(ExtensibilityGlobals) = postSolution
		SolutionGuid = {E2DAC75A-180D-40B5-A885-07DFED101B85}
	EndGlobalSection
EndGlobal
